
Microsoft Visual Studio Solution File, Format Version 12.00
# Visual Studio Version 16
VisualStudioVersion = 16.0.31112.23
MinimumVisualStudioVersion = 10.0.40219.1
Project("{FAE04EC0-301F-11D3-BF4B-00C04F79EFBC}") = "Day4Dana", "Day4Dana.csproj", "{CDB87551-CEC4-4D27-BC58-A2ECB32FFA93}"
EndProject
Global
	GlobalSection(SolutionConfigurationPlatforms) = preSolution
		Debug|Any CPU = Debug|Any CPU
		Release|Any CPU = Release|Any CPU
	EndGlobalSection
	GlobalSection(ProjectConfigurationPlatforms) = postSolution
		{CDB87551-CEC4-4D27-BC58-A2ECB32FFA93}.Debug|Any CPU.ActiveCfg = Debug|Any CPU
		{CDB87551-CEC4-4D27-BC58-A2ECB32FFA93}.Debug|Any CPU.Build.0 = Debug|Any CPU
		{CDB87551-CEC4-4D27-BC58-A2ECB32FFA93}.Release|Any CPU.ActiveCfg = Release|Any CPU
		{CDB87551-CEC4-4D27-BC58-A2ECB32FFA93}.Release|Any CPU.Build.0 = Release|Any CPU
	EndGlobalSection
	GlobalSection(SolutionProperties) = preSolution
		HideSolutionNode = FALSE
	EndGlobalSection
	GlobalSection(ExtensibilityGlobals) = postSolution
		SolutionGuid = {64257308-7F56-4313-994D-60F14FA5EF7C}
	EndGlobalSection
EndGlobal
